
Microsoft Visual Studio Solution File, Format Version 12.00
# Visual Studio Version 17
VisualStudioVersion = 17.4.33205.214
MinimumVisualStudioVersion = 10.0.40219.1
Project("{FAE04EC0-301F-11D3-BF4B-00C04F79EFBC}") = "KursnaListaAPI", "KursnaListaAPI\KursnaListaAPI.csproj", "{699ED914-A357-4B5F-81E8-C8AB17AA1590}"
EndProject
Global
	GlobalSection(SolutionConfigurationPlatforms) = preSolution
		Debug|Any CPU = Debug|Any CPU
		Release|Any CPU = Release|Any CPU
	EndGlobalSection
	GlobalSection(ProjectConfigurationPlatforms) = postSolution
		{699ED914-A357-4B5F-81E8-C8AB17AA1590}.Debug|Any CPU.ActiveCfg = Debug|Any CPU
		{699ED914-A357-4B5F-81E8-C8AB17AA1590}.Debug|Any CPU.Build.0 = Debug|Any CPU
		{699ED914-A357-4B5F-81E8-C8AB17AA1590}.Release|Any CPU.ActiveCfg = Release|Any CPU
		{699ED914-A357-4B5F-81E8-C8AB17AA1590}.Release|Any CPU.Build.0 = Release|Any CPU
	EndGlobalSection
	GlobalSection(SolutionProperties) = preSolution
		HideSolutionNode = FALSE
	EndGlobalSection
	GlobalSection(ExtensibilityGlobals) = postSolution
		SolutionGuid = {5C1433FD-4391-4358-A251-380B56720654}
	EndGlobalSection
EndGlobal
